{"filter":false,"title":"package-lock.json","tooltip":"/pronto-website/package-lock.json","undoManager":{"mark":-1,"position":-1,"stack":[]},"ace":{"folds":[],"scrolltop":0,"scrollleft":0,"selection":{"start":{"row":0,"column":0},"end":{"row":0,"column":0},"isBackwards":false},"options":{"guessTabSize":true,"useWrapMode":false,"wrapToView":true},"firstLineState":0},"timestamp":1613752584988,"hash":"4ee7a467eb76f123c1d552448a5559819585dc84"}